// !$*UTF8*$!
{
	archiveVersion = 1;
	classes = {
	};
	objectVersion = 50;
	objects = {

/* Begin PBXBuildFile section */
		5E32327825A4973700CF6BB7 /* AppDelegate.swift in Sources */ = {isa = PBXBuildFile; fileRef = 5E32327725A4973700CF6BB7 /* AppDelegate.swift */; };
		5E32327A25A4973700CF6BB7 /* SceneDelegate.swift in Sources */ = {isa = PBXBuildFile; fileRef = 5E32327925A4973700CF6BB7 /* SceneDelegate.swift */; };
		5E32327F25A4973700CF6BB7 /* Main.storyboard in Resources */ = {isa = PBXBuildFile; fileRef = 5E32327D25A4973700CF6BB7 /* Main.storyboard */; };
		5E32328125A4973800CF6BB7 /* Assets.xcassets in Resources */ = {isa = PBXBuildFile; fileRef = 5E32328025A4973800CF6BB7 /* Assets.xcassets */; };
		5E32328425A4973800CF6BB7 /* LaunchScreen.storyboard in Resources */ = {isa = PBXBuildFile; fileRef = 5E32328225A4973800CF6BB7 /* LaunchScreen.storyboard */; };
		5E32329125A49C0500CF6BB7 /* CurrenciesViewController.swift in Sources */ = {isa = PBXBuildFile; fileRef = 5E32329025A49C0500CF6BB7 /* CurrenciesViewController.swift */; };
		5E32329525A49C1A00CF6BB7 /* ConverterViewController.swift in Sources */ = {isa = PBXBuildFile; fileRef = 5E32329425A49C1A00CF6BB7 /* ConverterViewController.swift */; };
		5E32329A25A49DF600CF6BB7 /* CurrencyTableViewCell.swift in Sources */ = {isa = PBXBuildFile; fileRef = 5E32329925A49DF600CF6BB7 /* CurrencyTableViewCell.swift */; };
		5E32329F25A4A04100CF6BB7 /* CurrencyModel.swift in Sources */ = {isa = PBXBuildFile; fileRef = 5E32329E25A4A04100CF6BB7 /* CurrencyModel.swift */; };
		5E7ABB3725A60127003A2915 /* Converter.storyboard in Resources */ = {isa = PBXBuildFile; fileRef = 5E7ABB3625A60127003A2915 /* Converter.storyboard */; };
		5EA6177025A4C61800AA84D8 /* CurrencyNetworkManager.swift in Sources */ = {isa = PBXBuildFile; fileRef = 5EA6176F25A4C61800AA84D8 /* CurrencyNetworkManager.swift */; };
/* End PBXBuildFile section */

/* Begin PBXFileReference section */
		5E32327425A4973700CF6BB7 /* TechTask.app */ = {isa = PBXFileReference; explicitFileType = wrapper.application; includeInIndex = 0; path = TechTask.app; sourceTree = BUILT_PRODUCTS_DIR; };
		5E32327725A4973700CF6BB7 /* AppDelegate.swift */ = {isa = PBXFileReference; lastKnownFileType = sourcecode.swift; path = AppDelegate.swift; sourceTree = "<group>"; };
		5E32327925A4973700CF6BB7 /* SceneDelegate.swift */ = {isa = PBXFileReference; lastKnownFileType = sourcecode.swift; path = SceneDelegate.swift; sourceTree = "<group>"; };
		5E32327E25A4973700CF6BB7 /* Base */ = {isa = PBXFileReference; lastKnownFileType = file.storyboard; name = Base; path = Base.lproj/Main.storyboard; sourceTree = "<group>"; };
		5E32328025A4973800CF6BB7 /* Assets.xcassets */ = {isa = PBXFileReference; lastKnownFileType = folder.assetcatalog; path = Assets.xcassets; sourceTree = "<group>"; };
		5E32328325A4973800CF6BB7 /* Base */ = {isa = PBXFileReference; lastKnownFileType = file.storyboard; name = Base; path = Base.lproj/LaunchScreen.storyboard; sourceTree = "<group>"; };
		5E32328525A4973800CF6BB7 /* Info.plist */ = {isa = PBXFileReference; lastKnownFileType = text.plist.xml; path = Info.plist; sourceTree = "<group>"; };
		5E32329025A49C0500CF6BB7 /* CurrenciesViewController.swift */ = {isa = PBXFileReference; lastKnownFileType = sourcecode.swift; path = CurrenciesViewController.swift; sourceTree = "<group>"; };
		5E32329425A49C1A00CF6BB7 /* ConverterViewController.swift */ = {isa = PBXFileReference; lastKnownFileType = sourcecode.swift; path = ConverterViewController.swift; sourceTree = "<group>"; };
		5E32329925A49DF600CF6BB7 /* CurrencyTableViewCell.swift */ = {isa = PBXFileReference; lastKnownFileType = sourcecode.swift; path = CurrencyTableViewCell.swift; sourceTree = "<group>"; };
		5E32329E25A4A04100CF6BB7 /* CurrencyModel.swift */ = {isa = PBXFileReference; lastKnownFileType = sourcecode.swift; path = CurrencyModel.swift; sourceTree = "<group>"; };
		5E7ABB3625A60127003A2915 /* Converter.storyboard */ = {isa = PBXFileReference; lastKnownFileType = file.storyboard; path = Converter.storyboard; sourceTree = "<group>"; };
		5EA6176F25A4C61800AA84D8 /* CurrencyNetworkManager.swift */ = {isa = PBXFileReference; lastKnownFileType = sourcecode.swift; path = CurrencyNetworkManager.swift; sourceTree = "<group>"; };
/* End PBXFileReference section */

/* Begin PBXFrameworksBuildPhase section */
		5E32327125A4973700CF6BB7 /* Frameworks */ = {
			isa = PBXFrameworksBuildPhase;
			buildActionMask = 2147483647;
			files = (
			);
			runOnlyForDeploymentPostprocessing = 0;
		};
/* End PBXFrameworksBuildPhase section */

/* Begin PBXGroup section */
		5E32326B25A4973700CF6BB7 = {
			isa = PBXGroup;
			children = (
				5E32327625A4973700CF6BB7 /* TechTask */,
				5E32327525A4973700CF6BB7 /* Products */,
			);
			sourceTree = "<group>";
		};
		5E32327525A4973700CF6BB7 /* Products */ = {
			isa = PBXGroup;
			children = (
				5E32327425A4973700CF6BB7 /* TechTask.app */,
			);
			name = Products;
			sourceTree = "<group>";
		};
		5E32327625A4973700CF6BB7 /* TechTask */ = {
			isa = PBXGroup;
			children = (
				5E32327725A4973700CF6BB7 /* AppDelegate.swift */,
				5E32327925A4973700CF6BB7 /* SceneDelegate.swift */,
				5E32329D25A4A03300CF6BB7 /* Networking */,
				5E32328F25A49B0E00CF6BB7 /* Model */,
				5E32329825A49DC700CF6BB7 /* Cells */,
				5E32328E25A4987400CF6BB7 /* Controllers */,
				5E32328D25A4985A00CF6BB7 /* View */,
				5E32328025A4973800CF6BB7 /* Assets.xcassets */,
				5E32328525A4973800CF6BB7 /* Info.plist */,
			);
			path = TechTask;
			sourceTree = "<group>";
		};
		5E32328D25A4985A00CF6BB7 /* View */ = {
			isa = PBXGroup;
			children = (
				5E32328225A4973800CF6BB7 /* LaunchScreen.storyboard */,
				5E32327D25A4973700CF6BB7 /* Main.storyboard */,
				5E7ABB3625A60127003A2915 /* Converter.storyboard */,
			);
			path = View;
			sourceTree = "<group>";
		};
		5E32328E25A4987400CF6BB7 /* Controllers */ = {
			isa = PBXGroup;
			children = (
				5E32329025A49C0500CF6BB7 /* CurrenciesViewController.swift */,
				5E32329425A49C1A00CF6BB7 /* ConverterViewController.swift */,
			);
			path = Controllers;
			sourceTree = "<group>";
		};
		5E32328F25A49B0E00CF6BB7 /* Model */ = {
			isa = PBXGroup;
			children = (
				5E32329E25A4A04100CF6BB7 /* CurrencyModel.swift */,
			);
			path = Model;
			sourceTree = "<group>";
		};
		5E32329825A49DC700CF6BB7 /* Cells */ = {
			isa = PBXGroup;
			children = (
				5E32329925A49DF600CF6BB7 /* CurrencyTableViewCell.swift */,
			);
			path = Cells;
			sourceTree = "<group>";
		};
		5E32329D25A4A03300CF6BB7 /* Networking */ = {
			isa = PBXGroup;
			children = (
				5EA6176F25A4C61800AA84D8 /* CurrencyNetworkManager.swift */,
			);
			path = Networking;
			sourceTree = "<group>";
		};
/* End PBXGroup section */

/* Begin PBXNativeTarget section */
		5E32327325A4973700CF6BB7 /* TechTask */ = {
			isa = PBXNativeTarget;
			buildConfigurationList = 5E32328825A4973800CF6BB7 /* Build configuration list for PBXNativeTarget "TechTask" */;
			buildPhases = (
				5E32327025A4973700CF6BB7 /* Sources */,
				5E32327125A4973700CF6BB7 /* Frameworks */,
				5E32327225A4973700CF6BB7 /* Resources */,
			);
			buildRules = (
			);
			dependencies = (
			);
			name = TechTask;
			productName = TechTask;
			productReference = 5E32327425A4973700CF6BB7 /* TechTask.app */;
			productType = "com.apple.product-type.application";
		};
/* End PBXNativeTarget section */

/* Begin PBXProject section */
		5E32326C25A4973700CF6BB7 /* Project object */ = {
			isa = PBXProject;
			attributes = {
				LastSwiftUpdateCheck = 1230;
				LastUpgradeCheck = 1230;
				TargetAttributes = {
					5E32327325A4973700CF6BB7 = {
						CreatedOnToolsVersion = 12.3;
					};
				};
			};
			buildConfigurationList = 5E32326F25A4973700CF6BB7 /* Build configuration list for PBXProject "TechTask" */;
			compatibilityVersion = "Xcode 9.3";
			developmentRegion = en;
			hasScannedForEncodings = 0;
			knownRegions = (
				en,
				Base,
			);
			mainGroup = 5E32326B25A4973700CF6BB7;
			productRefGroup = 5E32327525A4973700CF6BB7 /* Products */;
			projectDirPath = "";
			projectRoot = "";
			targets = (
				5E32327325A4973700CF6BB7 /* TechTask */,
			);
		};
/* End PBXProject section */

/* Begin PBXResourcesBuildPhase section */
		5E32327225A4973700CF6BB7 /* Resources */ = {
			isa = PBXResourcesBuildPhase;
			buildActionMask = 2147483647;
			files = (
				5E32328425A4973800CF6BB7 /* LaunchScreen.storyboard in Resources */,
				5E32328125A4973800CF6BB7 /* Assets.xcassets in Resources */,
				5E32327F25A4973700CF6BB7 /* Main.storyboard in Resources */,
				5E7ABB3725A60127003A2915 /* Converter.storyboard in Resources */,
			);
			runOnlyForDeploymentPostprocessing = 0;
		};
/* End PBXResourcesBuildPhase section */

/* Begin PBXSourcesBuildPhase section */
		5E32327025A4973700CF6BB7 /* Sources */ = {
			isa = PBXSourcesBuildPhase;
			buildActionMask = 2147483647;
			files = (
				5E32329125A49C0500CF6BB7 /* CurrenciesViewController.swift in Sources */,
				5E32329F25A4A04100CF6BB7 /* CurrencyModel.swift in Sources */,
				5E32327825A4973700CF6BB7 /* AppDelegate.swift in Sources */,
				5E32327A25A4973700CF6BB7 /* SceneDelegate.swift in Sources */,
				5E32329A25A49DF600CF6BB7 /* CurrencyTableViewCell.swift in Sources */,
				5E32329525A49C1A00CF6BB7 /* ConverterViewController.swift in Sources */,
				5EA6177025A4C61800AA84D8 /* CurrencyNetworkManager.swift in Sources */,
			);
			runOnlyForDeploymentPostprocessing = 0;
		};
/* End PBXSourcesBuildPhase section */

/* Begin PBXVariantGroup section */
		5E32327D25A4973700CF6BB7 /* Main.storyboard */ = {
			isa = PBXVariantGroup;
			children = (
				5E32327E25A4973700CF6BB7 /* Base */,
			);
			name = Main.storyboard;
			sourceTree = "<group>";
		};
		5E32328225A4973800CF6BB7 /* LaunchScreen.storyboard */ = {
			isa = PBXVariantGroup;
			children = (
				5E32328325A4973800CF6BB7 /* Base */,
			);
			name = LaunchScreen.storyboard;
			sourceTree = "<group>";
		};
/* End PBXVariantGroup section */

/* Begin XCBuildConfiguration section */
		5E32328625A4973800CF6BB7 /* Debug */ = {
			isa = XCBuildConfiguration;
			buildSettings = {
				ALWAYS_SEARCH_USER_PATHS = NO;
				CLANG_ANALYZER_NONNULL = YES;
				CLANG_ANALYZER_NUMBER_OBJECT_CONVERSION = YES_AGGRESSIVE;
				CLANG_CXX_LANGUAGE_STANDARD = "gnu++14";
				CLANG_CXX_LIBRARY = "libc++";
				CLANG_ENABLE_MODULES = YES;
				CLANG_ENABLE_OBJC_ARC = YES;
				CLANG_ENABLE_OBJC_WEAK = YES;
				CLANG_WARN_BLOCK_CAPTURE_AUTORELEASING = YES;
				CLANG_WARN_BOOL_CONVERSION = YES;
				CLANG_WARN_COMMA = YES;
				CLANG_WARN_CONSTANT_CONVERSION = YES;
				CLANG_WARN_DEPRECATED_OBJC_IMPLEMENTATIONS = YES;
				CLANG_WARN_DIRECT_OBJC_ISA_USAGE = YES_ERROR;
				CLANG_WARN_DOCUMENTATION_COMMENTS = YES;
				CLANG_WARN_EMPTY_BODY = YES;
				CLANG_WARN_ENUM_CONVERSION = YES;
				CLANG_WARN_INFINITE_RECURSION = YES;
				CLANG_WARN_INT_CONVERSION = YES;
				CLANG_WARN_NON_LITERAL_NULL_CONVERSION = YES;
				CLANG_WARN_OBJC_IMPLICIT_RETAIN_SELF = YES;
				CLANG_WARN_OBJC_LITERAL_CONVERSION = YES;
				CLANG_WARN_OBJC_ROOT_CLASS = YES_ERROR;
				CLANG_WARN_QUOTED_INCLUDE_IN_FRAMEWORK_HEADER = YES;
				CLANG_WARN_RANGE_LOOP_ANALYSIS = YES;
				CLANG_WARN_STRICT_PROTOTYPES = YES;
				CLANG_WARN_SUSPICIOUS_MOVE = YES;
				CLANG_WARN_UNGUARDED_AVAILABILITY = YES_AGGRESSIVE;
				CLANG_WARN_UNREACHABLE_CODE = YES;
				CLANG_WARN__DUPLICATE_METHOD_MATCH = YES;
				COPY_PHASE_STRIP = NO;
				DEBUG_INFORMATION_FORMAT = dwarf;
				ENABLE_STRICT_OBJC_MSGSEND = YES;
				ENABLE_TESTABILITY = YES;
				GCC_C_LANGUAGE_STANDARD = gnu11;
				GCC_DYNAMIC_NO_PIC = NO;
				GCC_NO_COMMON_BLOCKS = YES;
				GCC_OPTIMIZATION_LEVEL = 0;
				GCC_PREPROCESSOR_DEFINITIONS = (
					"DEBUG=1",
					"$(inherited)",
				);
				GCC_WARN_64_TO_32_BIT_CONVERSION = YES;
				GCC_WARN_ABOUT_RETURN_TYPE = YES_ERROR;
				GCC_WARN_UNDECLARED_SELECTOR = YES;
				GCC_WARN_UNINITIALIZED_AUTOS = YES_AGGRESSIVE;
				GCC_WARN_UNUSED_FUNCTION = YES;
				GCC_WARN_UNUSED_VARIABLE = YES;
				IPHONEOS_DEPLOYMENT_TARGET = 14.3;
				MTL_ENABLE_DEBUG_INFO = INCLUDE_SOURCE;
				MTL_FAST_MATH = YES;
				ONLY_ACTIVE_ARCH = YES;
				SDKROOT = iphoneos;
				SWIFT_ACTIVE_COMPILATION_CONDITIONS = DEBUG;
				SWIFT_OPTIMIZATION_LEVEL = "-Onone";
			};
			name = Debug;
		};
		5E32328725A4973800CF6BB7 /* Release */ = {
			isa = XCBuildConfiguration;
			buildSettings = {
				ALWAYS_SEARCH_USER_PATHS = NO;
				CLANG_ANALYZER_NONNULL = YES;
				CLANG_ANALYZER_NUMBER_OBJECT_CONVERSION = YES_AGGRESSIVE;
				CLANG_CXX_LANGUAGE_STANDARD = "gnu++14";
				CLANG_CXX_LIBRARY = "libc++";
				CLANG_ENABLE_MODULES = YES;
				CLANG_ENABLE_OBJC_ARC = YES;
				CLANG_ENABLE_OBJC_WEAK = YES;
				CLANG_WARN_BLOCK_CAPTURE_AUTORELEASING = YES;
				CLANG_WARN_BOOL_CONVERSION = YES;
				CLANG_WARN_COMMA = YES;
				CLANG_WARN_CONSTANT_CONVERSION = YES;
				CLANG_WARN_DEPRECATED_OBJC_IMPLEMENTATIONS = YES;
				CLANG_WARN_DIRECT_OBJC_ISA_USAGE = YES_ERROR;
				CLANG_WARN_DOCUMENTATION_COMMENTS = YES;
				CLANG_WARN_EMPTY_BODY = YES;
				CLANG_WARN_ENUM_CONVERSION = YES;
				CLANG_WARN_INFINITE_RECURSION = YES;
				CLANG_WARN_INT_CONVERSION = YES;
				CLANG_WARN_NON_LITERAL_NULL_CONVERSION = YES;
				CLANG_WARN_OBJC_IMPLICIT_RETAIN_SELF = YES;
				CLANG_WARN_OBJC_LITERAL_CONVERSION = YES;
				CLANG_WARN_OBJC_ROOT_CLASS = YES_ERROR;
				CLANG_WARN_QUOTED_INCLUDE_IN_FRAMEWORK_HEADER = YES;
				CLANG_WARN_RANGE_LOOP_ANALYSIS = YES;
				CLANG_WARN_STRICT_PROTOTYPES = YES;
				CLANG_WARN_SUSPICIOUS_MOVE = YES;
				CLANG_WARN_UNGUARDED_AVAILABILITY = YES_AGGRESSIVE;
				CLANG_WARN_UNREACHABLE_CODE = YES;
				CLANG_WARN__DUPLICATE_METHOD_MATCH = YES;
				COPY_PHASE_STRIP = NO;
				DEBUG_INFORMATION_FORMAT = "dwarf-with-dsym";
				ENABLE_NS_ASSERTIONS = NO;
				ENABLE_STRICT_OBJC_MSGSEND = YES;
				GCC_C_LANGUAGE_STANDARD = gnu11;
				GCC_NO_COMMON_BLOCKS = YES;
				GCC_WARN_64_TO_32_BIT_CONVERSION = YES;
				GCC_WARN_ABOUT_RETURN_TYPE = YES_ERROR;
				GCC_WARN_UNDECLARED_SELECTOR = YES;
				GCC_WARN_UNINITIALIZED_AUTOS = YES_AGGRESSIVE;
				GCC_WARN_UNUSED_FUNCTION = YES;
				GCC_WARN_UNUSED_VARIABLE = YES;
				IPHONEOS_DEPLOYMENT_TARGET = 14.3;
				MTL_ENABLE_DEBUG_INFO = NO;
				MTL_FAST_MATH = YES;
				SDKROOT = iphoneos;
				SWIFT_COMPILATION_MODE = wholemodule;
				SWIFT_OPTIMIZATION_LEVEL = "-O";
				VALIDATE_PRODUCT = YES;
			};
			name = Release;
		};
		5E32328925A4973800CF6BB7 /* Debug */ = {
			isa = XCBuildConfiguration;
			buildSettings = {
				ASSETCATALOG_COMPILER_APPICON_NAME = AppIcon;
				ASSETCATALOG_COMPILER_GLOBAL_ACCENT_COLOR_NAME = AccentColor;
				CODE_SIGN_STYLE = Automatic;
				INFOPLIST_FILE = TechTask/Info.plist;
				LD_RUNPATH_SEARCH_PATHS = (
					"$(inherited)",
					"@executable_path/Frameworks",
				);
				PRODUCT_BUNDLE_IDENTIFIER = VM.TechTask;
				PRODUCT_NAME = "$(TARGET_NAME)";
				SWIFT_VERSION = 5.0;
				TARGETED_DEVICE_FAMILY = "1,2";
			};
			name = Debug;
		};
		5E32328A25A4973800CF6BB7 /* Release */ = {
			isa = XCBuildConfiguration;
			buildSettings = {
				ASSETCATALOG_COMPILER_APPICON_NAME = AppIcon;
				ASSETCATALOG_COMPILER_GLOBAL_ACCENT_COLOR_NAME = AccentColor;
				CODE_SIGN_STYLE = Automatic;
				INFOPLIST_FILE = TechTask/Info.plist;
				LD_RUNPATH_SEARCH_PATHS = (
					"$(inherited)",
					"@executable_path/Frameworks",
				);
				PRODUCT_BUNDLE_IDENTIFIER = VM.TechTask;
				PRODUCT_NAME = "$(TARGET_NAME)";
				SWIFT_VERSION = 5.0;
				TARGETED_DEVICE_FAMILY = "1,2";
			};
			name = Release;
		};
/* End XCBuildConfiguration section */

/* Begin XCConfigurationList section */
		5E32326F25A4973700CF6BB7 /* Build configuration list for PBXProject "TechTask" */ = {
			isa = XCConfigurationList;
			buildConfigurations = (
				5E32328625A4973800CF6BB7 /* Debug */,
				5E32328725A4973800CF6BB7 /* Release */,
			);
			defaultConfigurationIsVisible = 0;
			defaultConfigurationName = Release;
		};
		5E32328825A4973800CF6BB7 /* Build configuration list for PBXNativeTarget "TechTask" */ = {
			isa = XCConfigurationList;
			buildConfigurations = (
				5E32328925A4973800CF6BB7 /* Debug */,
				5E32328A25A4973800CF6BB7 /* Release */,
			);
			defaultConfigurationIsVisible = 0;
			defaultConfigurationName = Release;
		};
/* End XCConfigurationList section */
	};
	rootObject = 5E32326C25A4973700CF6BB7 /* Project object */;
}
